// !$*UTF8*$!
{
	archiveVersion = 1;
	classes = {
	};
	objectVersion = 46;
	objects = {

/* Begin PBXBuildFile section */
		41CD6C6515BF7574005E6F29 /* AppController.mm in Sources */ = {isa = PBXBuildFile; fileRef = 41CD6C6315BF7574005E6F29 /* AppController.mm */; };
		41CD6C6615BF7574005E6F29 /* main.m in Sources */ = {isa = PBXBuildFile; fileRef = 41CD6C6415BF7574005E6F29 /* main.m */; };
		41CD6C6E15BF7673005E6F29 /* InfoPlist.strings in Resources */ = {isa = PBXBuildFile; fileRef = 41CD6C6815BF7673005E6F29 /* InfoPlist.strings */; };
		41CD6C6F15BF7673005E6F29 /* MainMenu.xib in Resources */ = {isa = PBXBuildFile; fileRef = 41CD6C6A15BF7673005E6F29 /* MainMenu.xib */; };
		41CD6C8F15BF7793005E6F29 /* AppKit.framework in Frameworks */ = {isa = PBXBuildFile; fileRef = 41CD6C8715BF7793005E6F29 /* AppKit.framework */; };
		41CD6C9015BF7793005E6F29 /* AudioToolbox.framework in Frameworks */ = {isa = PBXBuildFile; fileRef = 41CD6C8815BF7793005E6F29 /* AudioToolbox.framework */; };
		41CD6C9115BF7793005E6F29 /* Cocoa.framework in Frameworks */ = {isa = PBXBuildFile; fileRef = 41CD6C8915BF7793005E6F29 /* Cocoa.framework */; };
		41CD6C9215BF7793005E6F29 /* CoreFoundation.framework in Frameworks */ = {isa = PBXBuildFile; fileRef = 41CD6C8A15BF7793005E6F29 /* CoreFoundation.framework */; };
		41CD6C9315BF7793005E6F29 /* Foundation.framework in Frameworks */ = {isa = PBXBuildFile; fileRef = 41CD6C8B15BF7793005E6F29 /* Foundation.framework */; };
		41CD6C9415BF7793005E6F29 /* OpenAL.framework in Frameworks */ = {isa = PBXBuildFile; fileRef = 41CD6C8C15BF7793005E6F29 /* OpenAL.framework */; };
		41CD6C9515BF7793005E6F29 /* OpenGL.framework in Frameworks */ = {isa = PBXBuildFile; fileRef = 41CD6C8D15BF7793005E6F29 /* OpenGL.framework */; };
		41CD6C9615BF7793005E6F29 /* QuartzCore.framework in Frameworks */ = {isa = PBXBuildFile; fileRef = 41CD6C8E15BF7793005E6F29 /* QuartzCore.framework */; };
		782196FA17516D5F0068F6D6 /* Dust.cpp in Sources */ = {isa = PBXBuildFile; fileRef = 782196F817516D5F0068F6D6 /* Dust.cpp */; };
		7821971717517E440068F6D6 /* bg-name@2x.png in Resources */ = {isa = PBXBuildFile; fileRef = 7821970417517E440068F6D6 /* bg-name@2x.png */; };
		7821971817517E440068F6D6 /* bg-scene@2x.png in Resources */ = {isa = PBXBuildFile; fileRef = 7821970517517E440068F6D6 /* bg-scene@2x.png */; };
		7821971917517E440068F6D6 /* bg@2x.png in Resources */ = {isa = PBXBuildFile; fileRef = 7821970617517E440068F6D6 /* bg@2x.png */; };
		7821971A17517E440068F6D6 /* btn-play@2x.png in Resources */ = {isa = PBXBuildFile; fileRef = 7821970717517E440068F6D6 /* btn-play@2x.png */; };
		7821971B17517E440068F6D6 /* btn-score@2x.png in Resources */ = {isa = PBXBuildFile; fileRef = 7821970817517E440068F6D6 /* btn-score@2x.png */; };
		7821971C17517E440068F6D6 /* btn-shop@2x.png in Resources */ = {isa = PBXBuildFile; fileRef = 7821970917517E440068F6D6 /* btn-shop@2x.png */; };
		7821971D17517E440068F6D6 /* dark-body-sprite@2x.png in Resources */ = {isa = PBXBuildFile; fileRef = 7821970A17517E440068F6D6 /* dark-body-sprite@2x.png */; };
		7821971E17517E440068F6D6 /* dark-line@2x.png in Resources */ = {isa = PBXBuildFile; fileRef = 7821970B17517E440068F6D6 /* dark-line@2x.png */; };
		7821971F17517E440068F6D6 /* light-big@2x.png in Resources */ = {isa = PBXBuildFile; fileRef = 7821970C17517E440068F6D6 /* light-big@2x.png */; };
		7821972017517E440068F6D6 /* name-sprite@2x.png in Resources */ = {isa = PBXBuildFile; fileRef = 7821970D17517E440068F6D6 /* name-sprite@2x.png */; };
		7821972117517E440068F6D6 /* star-sprite@2x.png in Resources */ = {isa = PBXBuildFile; fileRef = 7821970E17517E440068F6D6 /* star-sprite@2x.png */; };
		7821972217517E440068F6D6 /* preload-bar-sprite@2x.png in Resources */ = {isa = PBXBuildFile; fileRef = 7821971017517E440068F6D6 /* preload-bar-sprite@2x.png */; };
		7821972317517E440068F6D6 /* preload-lines@2x.png in Resources */ = {isa = PBXBuildFile; fileRef = 7821971117517E440068F6D6 /* preload-lines@2x.png */; };
		7821972417517E440068F6D6 /* bucket@2x.png in Resources */ = {isa = PBXBuildFile; fileRef = 7821971317517E440068F6D6 /* bucket@2x.png */; };
		7821972517517E440068F6D6 /* game-corn@2x.png in Resources */ = {isa = PBXBuildFile; fileRef = 7821971417517E440068F6D6 /* game-corn@2x.png */; };
		7821972617517E440068F6D6 /* level-bg@2x.png in Resources */ = {isa = PBXBuildFile; fileRef = 7821971517517E440068F6D6 /* level-bg@2x.png */; };
		7821972717517E440068F6D6 /* process-dust@2x.png in Resources */ = {isa = PBXBuildFile; fileRef = 7821971617517E440068F6D6 /* process-dust@2x.png */; };
		7821975117518D960068F6D6 /* process-pause@2x.png in Resources */ = {isa = PBXBuildFile; fileRef = 7821975017518D960068F6D6 /* process-pause@2x.png */; };
		7821975317518FB60068F6D6 /* process-bucket-icon@2x.png in Resources */ = {isa = PBXBuildFile; fileRef = 7821975217518FB60068F6D6 /* process-bucket-icon@2x.png */; };
		782197831752093A0068F6D6 /* process-lose@2x.png in Resources */ = {isa = PBXBuildFile; fileRef = 782197821752093A0068F6D6 /* process-lose@2x.png */; };
		7821978617520AD20068F6D6 /* Lose.cpp in Sources */ = {isa = PBXBuildFile; fileRef = 7821978417520AD20068F6D6 /* Lose.cpp */; };
		7821978E175258E10068F6D6 /* weapon-animation1@2x.png in Resources */ = {isa = PBXBuildFile; fileRef = 7821978D175258E10068F6D6 /* weapon-animation1@2x.png */; };
		7821979E17538FFF0068F6D6 /* Weapon.cpp in Sources */ = {isa = PBXBuildFile; fileRef = 7821979C17538FFE0068F6D6 /* Weapon.cpp */; };
		782197A3175393820068F6D6 /* process-coin-count-ico@2x.png in Resources */ = {isa = PBXBuildFile; fileRef = 782197A0175393800068F6D6 /* process-coin-count-ico@2x.png */; };
		782197A4175393820068F6D6 /* process-life-ticket-counter-sprite@2x.png in Resources */ = {isa = PBXBuildFile; fileRef = 782197A1175393810068F6D6 /* process-life-ticket-counter-sprite@2x.png */; };
		782197A717539DA40068F6D6 /* wh-bg@2x.png in Resources */ = {isa = PBXBuildFile; fileRef = 782197A517539DA30068F6D6 /* wh-bg@2x.png */; };
		782197A817539DA40068F6D6 /* wh-bg2@2x.png in Resources */ = {isa = PBXBuildFile; fileRef = 782197A617539DA30068F6D6 /* wh-bg2@2x.png */; };
		782198391753AE050068F6D6 /* Coin.cpp in Sources */ = {isa = PBXBuildFile; fileRef = 782198371753AE050068F6D6 /* Coin.cpp */; };
		7821983C1753B9370068F6D6 /* Pause.cpp in Sources */ = {isa = PBXBuildFile; fileRef = 7821983A1753B9370068F6D6 /* Pause.cpp */; };
		782198401753BD510068F6D6 /* pause-bg@2x.png in Resources */ = {isa = PBXBuildFile; fileRef = 7821983E1753BD510068F6D6 /* pause-bg@2x.png */; };
		782198411753BD510068F6D6 /* pause-text-sprite@2x.png in Resources */ = {isa = PBXBuildFile; fileRef = 7821983F1753BD510068F6D6 /* pause-text-sprite@2x.png */; };
		782198441753C4E90068F6D6 /* GameOver.cpp in Sources */ = {isa = PBXBuildFile; fileRef = 782198421753C4E80068F6D6 /* GameOver.cpp */; };
		782198471753C6650068F6D6 /* game-over-text-sprite@2x.png in Resources */ = {isa = PBXBuildFile; fileRef = 782198461753C6650068F6D6 /* game-over-text-sprite@2x.png */; };
		786052FD174FA93E00ACE2D3 /* AppDelegate.cpp in Sources */ = {isa = PBXBuildFile; fileRef = 786052F9174FA93E00ACE2D3 /* AppDelegate.cpp */; };
		786052FE174FA93E00ACE2D3 /* Options.cpp in Sources */ = {isa = PBXBuildFile; fileRef = 786052FB174FA93E00ACE2D3 /* Options.cpp */; };
		78605302174FABC100ACE2D3 /* libcocos2dx.a in Frameworks */ = {isa = PBXBuildFile; fileRef = 78605301174FABC000ACE2D3 /* libcocos2dx.a */; };
		78605304174FABF400ACE2D3 /* libz.dylib in Frameworks */ = {isa = PBXBuildFile; fileRef = 78605303174FABF400ACE2D3 /* libz.dylib */; };
		78605307174FAD2300ACE2D3 /* Resources.cpp in Sources */ = {isa = PBXBuildFile; fileRef = 78605305174FAD2300ACE2D3 /* Resources.cpp */; };
		7860530B174FAD7C00ACE2D3 /* Template.cpp in Sources */ = {isa = PBXBuildFile; fileRef = 78605309174FAD7C00ACE2D3 /* Template.cpp */; };
		78605313174FB24400ACE2D3 /* BatchEntityManager.cpp in Sources */ = {isa = PBXBuildFile; fileRef = 7860530D174FB24400ACE2D3 /* BatchEntityManager.cpp */; };
		78605314174FB24400ACE2D3 /* EntityManager.cpp in Sources */ = {isa = PBXBuildFile; fileRef = 7860530F174FB24400ACE2D3 /* EntityManager.cpp */; };
		78605315174FB24400ACE2D3 /* ScreenManager.cpp in Sources */ = {isa = PBXBuildFile; fileRef = 78605311174FB24400ACE2D3 /* ScreenManager.cpp */; };
		78605319174FB2A000ACE2D3 /* Entity.cpp in Sources */ = {isa = PBXBuildFile; fileRef = 78605317174FB2A000ACE2D3 /* Entity.cpp */; };
		7860531D174FB2F600ACE2D3 /* Screen.cpp in Sources */ = {isa = PBXBuildFile; fileRef = 7860531B174FB2F600ACE2D3 /* Screen.cpp */; };
		78605323174FB33600ACE2D3 /* Touchable.cpp in Sources */ = {isa = PBXBuildFile; fileRef = 7860531F174FB33600ACE2D3 /* Touchable.cpp */; };
		78605324174FB33600ACE2D3 /* Utils.cpp in Sources */ = {isa = PBXBuildFile; fileRef = 78605321174FB33600ACE2D3 /* Utils.cpp */; };
		78605328174FB4F700ACE2D3 /* Texture.cpp in Sources */ = {isa = PBXBuildFile; fileRef = 78605326174FB4F700ACE2D3 /* Texture.cpp */; };
		7860533F174FC06700ACE2D3 /* Icon-114.png in Resources */ = {isa = PBXBuildFile; fileRef = 78605333174FC06700ACE2D3 /* Icon-114.png */; };
		78605340174FC06700ACE2D3 /* Icon-128.png in Resources */ = {isa = PBXBuildFile; fileRef = 78605334174FC06700ACE2D3 /* Icon-128.png */; };
		78605341174FC06700ACE2D3 /* Icon-144.png in Resources */ = {isa = PBXBuildFile; fileRef = 78605335174FC06700ACE2D3 /* Icon-144.png */; };
		78605342174FC06700ACE2D3 /* Icon-256.png in Resources */ = {isa = PBXBuildFile; fileRef = 78605336174FC06700ACE2D3 /* Icon-256.png */; };
		78605343174FC06700ACE2D3 /* Icon-36.png in Resources */ = {isa = PBXBuildFile; fileRef = 78605337174FC06700ACE2D3 /* Icon-36.png */; };
		78605344174FC06700ACE2D3 /* Icon-48.png in Resources */ = {isa = PBXBuildFile; fileRef = 78605338174FC06700ACE2D3 /* Icon-48.png */; };
		78605345174FC06700ACE2D3 /* Icon-512.png in Resources */ = {isa = PBXBuildFile; fileRef = 78605339174FC06700ACE2D3 /* Icon-512.png */; };
		78605346174FC06700ACE2D3 /* Icon-57.png in Resources */ = {isa = PBXBuildFile; fileRef = 7860533A174FC06700ACE2D3 /* Icon-57.png */; };
		78605347174FC06700ACE2D3 /* Icon-72.png in Resources */ = {isa = PBXBuildFile; fileRef = 7860533B174FC06700ACE2D3 /* Icon-72.png */; };
		78605348174FC06700ACE2D3 /* Icon-96.png in Resources */ = {isa = PBXBuildFile; fileRef = 7860533C174FC06700ACE2D3 /* Icon-96.png */; };
		78605349174FC06700ACE2D3 /* Icon.icns in Resources */ = {isa = PBXBuildFile; fileRef = 7860533D174FC06700ACE2D3 /* Icon.icns */; };
		78605351174FC4B200ACE2D3 /* Star.cpp in Sources */ = {isa = PBXBuildFile; fileRef = 7860534E174FC4B200ACE2D3 /* Star.cpp */; };
		7860535C174FE82A00ACE2D3 /* People.cpp in Sources */ = {isa = PBXBuildFile; fileRef = 7860535A174FE82900ACE2D3 /* People.cpp */; };
		7860536117500B9000ACE2D3 /* Spotlight.cpp in Sources */ = {isa = PBXBuildFile; fileRef = 7860535F17500B9000ACE2D3 /* Spotlight.cpp */; };
		7860537517501D5F00ACE2D3 /* Menu.cpp in Sources */ = {isa = PBXBuildFile; fileRef = 7860537317501D5F00ACE2D3 /* Menu.cpp */; };
		7860543C17503F5600ACE2D3 /* Popscreen.cpp in Sources */ = {isa = PBXBuildFile; fileRef = 7860543A17503F5500ACE2D3 /* Popscreen.cpp */; };
		786054411750535B00ACE2D3 /* Level.cpp in Sources */ = {isa = PBXBuildFile; fileRef = 7860543F1750535B00ACE2D3 /* Level.cpp */; };
		786059991750B63D00ACE2D3 /* ImpulseEntity.cpp in Sources */ = {isa = PBXBuildFile; fileRef = 786059971750B63C00ACE2D3 /* ImpulseEntity.cpp */; };
		7860599C1750B74700ACE2D3 /* Bucket.cpp in Sources */ = {isa = PBXBuildFile; fileRef = 7860599A1750B74600ACE2D3 /* Bucket.cpp */; };
		786059D61751157500ACE2D3 /* Popcorn.cpp in Sources */ = {isa = PBXBuildFile; fileRef = 786059D41751157300ACE2D3 /* Popcorn.cpp */; };
		78DA14A71733EA360005B6D2 /* CDAudioManager.m in Sources */ = {isa = PBXBuildFile; fileRef = 78DA14441733EA350005B6D2 /* CDAudioManager.m */; };
		78DA14A81733EA360005B6D2 /* CDOpenALSupport.m in Sources */ = {isa = PBXBuildFile; fileRef = 78DA14471733EA350005B6D2 /* CDOpenALSupport.m */; };
		78DA14A91733EA360005B6D2 /* CDXMacOSXSupport.mm in Sources */ = {isa = PBXBuildFile; fileRef = 78DA14491733EA350005B6D2 /* CDXMacOSXSupport.mm */; };
		78DA14AA1733EA360005B6D2 /* CocosDenshion.m in Sources */ = {isa = PBXBuildFile; fileRef = 78DA144B1733EA350005B6D2 /* CocosDenshion.m */; };
		78DA14AB1733EA360005B6D2 /* SimpleAudioEngine.mm in Sources */ = {isa = PBXBuildFile; fileRef = 78DA144C1733EA350005B6D2 /* SimpleAudioEngine.mm */; };
		78DA14AC1733EA360005B6D2 /* SimpleAudioEngine_objc.m in Sources */ = {isa = PBXBuildFile; fileRef = 78DA144E1733EA350005B6D2 /* SimpleAudioEngine_objc.m */; };
/* End PBXBuildFile section */

/* Begin PBXContainerItemProxy section */
		15C156B71683151A00D239F2 /* PBXContainerItemProxy */ = {
			isa = PBXContainerItemProxy;
			containerPortal = 15C156B01683151A00D239F2 /* cocos2dx.xcodeproj */;
			proxyType = 2;
			remoteGlobalIDString = 1551A33F158F2AB200E66CFE;
			remoteInfo = cocos2dx;
		};
		15C156B91683155000D239F2 /* PBXContainerItemProxy */ = {
			isa = PBXContainerItemProxy;
			containerPortal = 15C156B01683151A00D239F2 /* cocos2dx.xcodeproj */;
			proxyType = 1;
			remoteGlobalIDString = 1551A33E158F2AB200E66CFE;
			remoteInfo = cocos2dx;
		};
/* End PBXContainerItemProxy section */

/* Begin PBXFileReference section */
		15C156B01683151A00D239F2 /* cocos2dx.xcodeproj */ = {isa = PBXFileReference; lastKnownFileType = "wrapper.pb-project"; name = cocos2dx.xcodeproj; path = ../../../../cocos2dx/proj.mac/cocos2dx.xcodeproj; sourceTree = "<group>"; };
		41CD6C5115BF748C005E6F29 /* Popcorn Mania.app */ = {isa = PBXFileReference; explicitFileType = wrapper.application; includeInIndex = 0; path = "Popcorn Mania.app"; sourceTree = BUILT_PRODUCTS_DIR; };
		41CD6C6215BF7574005E6F29 /* AppController.h */ = {isa = PBXFileReference; fileEncoding = 4; lastKnownFileType = sourcecode.c.h; path = AppController.h; sourceTree = "<group>"; };
		41CD6C6315BF7574005E6F29 /* AppController.mm */ = {isa = PBXFileReference; fileEncoding = 4; lastKnownFileType = sourcecode.cpp.objcpp; path = AppController.mm; sourceTree = "<group>"; };
		41CD6C6415BF7574005E6F29 /* main.m */ = {isa = PBXFileReference; fileEncoding = 4; lastKnownFileType = sourcecode.c.objc; path = main.m; sourceTree = "<group>"; };
		41CD6C6915BF7673005E6F29 /* en */ = {isa = PBXFileReference; lastKnownFileType = text.plist.strings; name = en; path = InfoPlist.strings; sourceTree = "<group>"; };
		41CD6C6B15BF7673005E6F29 /* en */ = {isa = PBXFileReference; lastKnownFileType = file.xib; name = en; path = MainMenu.xib; sourceTree = "<group>"; };
		41CD6C6C15BF7673005E6F29 /* Popcorn Mania_Info.plist */ = {isa = PBXFileReference; fileEncoding = 4; lastKnownFileType = text.plist.xml; path = "Popcorn Mania_Info.plist"; sourceTree = "<group>"; };
		41CD6C6D15BF7673005E6F29 /* Popcorn Mania_Prefix.pch */ = {isa = PBXFileReference; fileEncoding = 4; lastKnownFileType = sourcecode.c.h; path = "Popcorn Mania_Prefix.pch"; sourceTree = "<group>"; };
		41CD6C8715BF7793005E6F29 /* AppKit.framework */ = {isa = PBXFileReference; lastKnownFileType = wrapper.framework; name = AppKit.framework; path = System/Library/Frameworks/AppKit.framework; sourceTree = SDKROOT; };
		41CD6C8815BF7793005E6F29 /* AudioToolbox.framework */ = {isa = PBXFileReference; lastKnownFileType = wrapper.framework; name = AudioToolbox.framework; path = System/Library/Frameworks/AudioToolbox.framework; sourceTree = SDKROOT; };
		41CD6C8915BF7793005E6F29 /* Cocoa.framework */ = {isa = PBXFileReference; lastKnownFileType = wrapper.framework; name = Cocoa.framework; path = System/Library/Frameworks/Cocoa.framework; sourceTree = SDKROOT; };
		41CD6C8A15BF7793005E6F29 /* CoreFoundation.framework */ = {isa = PBXFileReference; lastKnownFileType = wrapper.framework; name = CoreFoundation.framework; path = System/Library/Frameworks/CoreFoundation.framework; sourceTree = SDKROOT; };
		41CD6C8B15BF7793005E6F29 /* Foundation.framework */ = {isa = PBXFileReference; lastKnownFileType = wrapper.framework; name = Foundation.framework; path = System/Library/Frameworks/Foundation.framework; sourceTree = SDKROOT; };
		41CD6C8C15BF7793005E6F29 /* OpenAL.framework */ = {isa = PBXFileReference; lastKnownFileType = wrapper.framework; name = OpenAL.framework; path = System/Library/Frameworks/OpenAL.framework; sourceTree = SDKROOT; };
		41CD6C8D15BF7793005E6F29 /* OpenGL.framework */ = {isa = PBXFileReference; lastKnownFileType = wrapper.framework; name = OpenGL.framework; path = System/Library/Frameworks/OpenGL.framework; sourceTree = SDKROOT; };
		41CD6C8E15BF7793005E6F29 /* QuartzCore.framework */ = {isa = PBXFileReference; lastKnownFileType = wrapper.framework; name = QuartzCore.framework; path = System/Library/Frameworks/QuartzCore.framework; sourceTree = SDKROOT; };
		782196F817516D5F0068F6D6 /* Dust.cpp */ = {isa = PBXFileReference; fileEncoding = 4; lastKnownFileType = sourcecode.cpp.cpp; path = Dust.cpp; sourceTree = "<group>"; };
		782196F917516D5F0068F6D6 /* Dust.h */ = {isa = PBXFileReference; fileEncoding = 4; lastKnownFileType = sourcecode.c.h; path = Dust.h; sourceTree = "<group>"; };
		7821970417517E440068F6D6 /* bg-name@2x.png */ = {isa = PBXFileReference; lastKnownFileType = image.png; path = "bg-name@2x.png"; sourceTree = "<group>"; };
		7821970517517E440068F6D6 /* bg-scene@2x.png */ = {isa = PBXFileReference; lastKnownFileType = image.png; path = "bg-scene@2x.png"; sourceTree = "<group>"; };
		7821970617517E440068F6D6 /* bg@2x.png */ = {isa = PBXFileReference; lastKnownFileType = image.png; path = "bg@2x.png"; sourceTree = "<group>"; };
		7821970717517E440068F6D6 /* btn-play@2x.png */ = {isa = PBXFileReference; lastKnownFileType = image.png; path = "btn-play@2x.png"; sourceTree = "<group>"; };
		7821970817517E440068F6D6 /* btn-score@2x.png */ = {isa = PBXFileReference; lastKnownFileType = image.png; path = "btn-score@2x.png"; sourceTree = "<group>"; };
		7821970917517E440068F6D6 /* btn-shop@2x.png */ = {isa = PBXFileReference; lastKnownFileType = image.png; path = "btn-shop@2x.png"; sourceTree = "<group>"; };
		7821970A17517E440068F6D6 /* dark-body-sprite@2x.png */ = {isa = PBXFileReference; lastKnownFileType = image.png; path = "dark-body-sprite@2x.png"; sourceTree = "<group>"; };
		7821970B17517E440068F6D6 /* dark-line@2x.png */ = {isa = PBXFileReference; lastKnownFileType = image.png; path = "dark-line@2x.png"; sourceTree = "<group>"; };
		7821970C17517E440068F6D6 /* light-big@2x.png */ = {isa = PBXFileReference; lastKnownFileType = image.png; path = "light-big@2x.png"; sourceTree = "<group>"; };
		7821970D17517E440068F6D6 /* name-sprite@2x.png */ = {isa = PBXFileReference; lastKnownFileType = image.png; path = "name-sprite@2x.png"; sourceTree = "<group>"; };
		7821970E17517E440068F6D6 /* star-sprite@2x.png */ = {isa = PBXFileReference; lastKnownFileType = image.png; path = "star-sprite@2x.png"; sourceTree = "<group>"; };
		7821971017517E440068F6D6 /* preload-bar-sprite@2x.png */ = {isa = PBXFileReference; lastKnownFileType = image.png; path = "preload-bar-sprite@2x.png"; sourceTree = "<group>"; };
		7821971117517E440068F6D6 /* preload-lines@2x.png */ = {isa = PBXFileReference; lastKnownFileType = image.png; path = "preload-lines@2x.png"; sourceTree = "<group>"; };
		7821971317517E440068F6D6 /* bucket@2x.png */ = {isa = PBXFileReference; lastKnownFileType = image.png; path = "bucket@2x.png"; sourceTree = "<group>"; };
		7821971417517E440068F6D6 /* game-corn@2x.png */ = {isa = PBXFileReference; lastKnownFileType = image.png; path = "game-corn@2x.png"; sourceTree = "<group>"; };
		7821971517517E440068F6D6 /* level-bg@2x.png */ = {isa = PBXFileReference; lastKnownFileType = image.png; path = "level-bg@2x.png"; sourceTree = "<group>"; };
		7821971617517E440068F6D6 /* process-dust@2x.png */ = {isa = PBXFileReference; lastKnownFileType = image.png; path = "process-dust@2x.png"; sourceTree = "<group>"; };
		7821975017518D960068F6D6 /* process-pause@2x.png */ = {isa = PBXFileReference; lastKnownFileType = image.png; path = "process-pause@2x.png"; sourceTree = "<group>"; };
		7821975217518FB60068F6D6 /* process-bucket-icon@2x.png */ = {isa = PBXFileReference; lastKnownFileType = image.png; path = "process-bucket-icon@2x.png"; sourceTree = "<group>"; };
		782197821752093A0068F6D6 /* process-lose@2x.png */ = {isa = PBXFileReference; lastKnownFileType = image.png; path = "process-lose@2x.png"; sourceTree = "<group>"; };
		7821978417520AD20068F6D6 /* Lose.cpp */ = {isa = PBXFileReference; fileEncoding = 4; lastKnownFileType = sourcecode.cpp.cpp; path = Lose.cpp; sourceTree = "<group>"; };
		7821978517520AD20068F6D6 /* Lose.h */ = {isa = PBXFileReference; fileEncoding = 4; lastKnownFileType = sourcecode.c.h; path = Lose.h; sourceTree = "<group>"; };
		7821978D175258E10068F6D6 /* weapon-animation1@2x.png */ = {isa = PBXFileReference; lastKnownFileType = image.png; path = "weapon-animation1@2x.png"; sourceTree = "<group>"; };
		7821979C17538FFE0068F6D6 /* Weapon.cpp */ = {isa = PBXFileReference; fileEncoding = 4; lastKnownFileType = sourcecode.cpp.cpp; path = Weapon.cpp; sourceTree = "<group>"; };
		7821979D17538FFE0068F6D6 /* Weapon.h */ = {isa = PBXFileReference; fileEncoding = 4; lastKnownFileType = sourcecode.c.h; path = Weapon.h; sourceTree = "<group>"; };
		782197A0175393800068F6D6 /* process-coin-count-ico@2x.png */ = {isa = PBXFileReference; lastKnownFileType = image.png; path = "process-coin-count-ico@2x.png"; sourceTree = "<group>"; };
		782197A1175393810068F6D6 /* process-life-ticket-counter-sprite@2x.png */ = {isa = PBXFileReference; lastKnownFileType = image.png; path = "process-life-ticket-counter-sprite@2x.png"; sourceTree = "<group>"; };
		782197A517539DA30068F6D6 /* wh-bg@2x.png */ = {isa = PBXFileReference; lastKnownFileType = image.png; path = "wh-bg@2x.png"; sourceTree = "<group>"; };
		782197A617539DA30068F6D6 /* wh-bg2@2x.png */ = {isa = PBXFileReference; lastKnownFileType = image.png; path = "wh-bg2@2x.png"; sourceTree = "<group>"; };
		782198371753AE050068F6D6 /* Coin.cpp */ = {isa = PBXFileReference; fileEncoding = 4; lastKnownFileType = sourcecode.cpp.cpp; path = Coin.cpp; sourceTree = "<group>"; };
		782198381753AE050068F6D6 /* Coin.h */ = {isa = PBXFileReference; fileEncoding = 4; lastKnownFileType = sourcecode.c.h; path = Coin.h; sourceTree = "<group>"; };
		7821983A1753B9370068F6D6 /* Pause.cpp */ = {isa = PBXFileReference; fileEncoding = 4; lastKnownFileType = sourcecode.cpp.cpp; path = Pause.cpp; sourceTree = "<group>"; };
		7821983B1753B9370068F6D6 /* Pause.h */ = {isa = PBXFileReference; fileEncoding = 4; lastKnownFileType = sourcecode.c.h; path = Pause.h; sourceTree = "<group>"; };
		7821983E1753BD510068F6D6 /* pause-bg@2x.png */ = {isa = PBXFileReference; lastKnownFileType = image.png; path = "pause-bg@2x.png"; sourceTree = "<group>"; };
		7821983F1753BD510068F6D6 /* pause-text-sprite@2x.png */ = {isa = PBXFileReference; lastKnownFileType = image.png; path = "pause-text-sprite@2x.png"; sourceTree = "<group>"; };
		782198421753C4E80068F6D6 /* GameOver.cpp */ = {isa = PBXFileReference; fileEncoding = 4; lastKnownFileType = sourcecode.cpp.cpp; path = GameOver.cpp; sourceTree = "<group>"; };
		782198431753C4E90068F6D6 /* GameOver.h */ = {isa = PBXFileReference; fileEncoding = 4; lastKnownFileType = sourcecode.c.h; path = GameOver.h; sourceTree = "<group>"; };
		782198461753C6650068F6D6 /* game-over-text-sprite@2x.png */ = {isa = PBXFileReference; lastKnownFileType = image.png; path = "game-over-text-sprite@2x.png"; sourceTree = "<group>"; };
		786052F9174FA93E00ACE2D3 /* AppDelegate.cpp */ = {isa = PBXFileReference; fileEncoding = 4; lastKnownFileType = sourcecode.cpp.cpp; path = AppDelegate.cpp; sourceTree = "<group>"; };
		786052FA174FA93E00ACE2D3 /* AppDelegate.h */ = {isa = PBXFileReference; fileEncoding = 4; lastKnownFileType = sourcecode.c.h; path = AppDelegate.h; sourceTree = "<group>"; };
		786052FB174FA93E00ACE2D3 /* Options.cpp */ = {isa = PBXFileReference; fileEncoding = 4; lastKnownFileType = sourcecode.cpp.cpp; path = Options.cpp; sourceTree = "<group>"; };
		786052FC174FA93E00ACE2D3 /* Options.h */ = {isa = PBXFileReference; fileEncoding = 4; lastKnownFileType = sourcecode.c.h; path = Options.h; sourceTree = "<group>"; };
		78605301174FABC000ACE2D3 /* libcocos2dx.a */ = {isa = PBXFileReference; lastKnownFileType = archive.ar; name = libcocos2dx.a; path = "Build/Popcorn Mania/Build/Products/Debug/libcocos2dx.a"; sourceTree = "<group>"; };
		78605303174FABF400ACE2D3 /* libz.dylib */ = {isa = PBXFileReference; lastKnownFileType = "compiled.mach-o.dylib"; name = libz.dylib; path = usr/lib/libz.dylib; sourceTree = SDKROOT; };
		78605305174FAD2300ACE2D3 /* Resources.cpp */ = {isa = PBXFileReference; fileEncoding = 4; lastKnownFileType = sourcecode.cpp.cpp; path = Resources.cpp; sourceTree = "<group>"; };
		78605306174FAD2300ACE2D3 /* Resources.h */ = {isa = PBXFileReference; fileEncoding = 4; lastKnownFileType = sourcecode.c.h; path = Resources.h; sourceTree = "<group>"; };
		78605309174FAD7C00ACE2D3 /* Template.cpp */ = {isa = PBXFileReference; fileEncoding = 4; lastKnownFileType = sourcecode.cpp.cpp; path = Template.cpp; sourceTree = "<group>"; };
		7860530A174FAD7C00ACE2D3 /* Template.h */ = {isa = PBXFileReference; fileEncoding = 4; lastKnownFileType = sourcecode.c.h; path = Template.h; sourceTree = "<group>"; };
		7860530D174FB24400ACE2D3 /* BatchEntityManager.cpp */ = {isa = PBXFileReference; fileEncoding = 4; lastKnownFileType = sourcecode.cpp.cpp; path = BatchEntityManager.cpp; sourceTree = "<group>"; };
		7860530E174FB24400ACE2D3 /* BatchEntityManager.h */ = {isa = PBXFileReference; fileEncoding = 4; lastKnownFileType = sourcecode.c.h; path = BatchEntityManager.h; sourceTree = "<group>"; };
		7860530F174FB24400ACE2D3 /* EntityManager.cpp */ = {isa = PBXFileReference; fileEncoding = 4; lastKnownFileType = sourcecode.cpp.cpp; path = EntityManager.cpp; sourceTree = "<group>"; };
		78605310174FB24400ACE2D3 /* EntityManager.h */ = {isa = PBXFileReference; fileEncoding = 4; lastKnownFileType = sourcecode.c.h; path = EntityManager.h; sourceTree = "<group>"; };
		78605311174FB24400ACE2D3 /* ScreenManager.cpp */ = {isa = PBXFileReference; fileEncoding = 4; lastKnownFileType = sourcecode.cpp.cpp; path = ScreenManager.cpp; sourceTree = "<group>"; };
		78605312174FB24400ACE2D3 /* ScreenManager.h */ = {isa = PBXFileReference; fileEncoding = 4; lastKnownFileType = sourcecode.c.h; path = ScreenManager.h; sourceTree = "<group>"; };
		78605317174FB2A000ACE2D3 /* Entity.cpp */ = {isa = PBXFileReference; fileEncoding = 4; lastKnownFileType = sourcecode.cpp.cpp; path = Entity.cpp; sourceTree = "<group>"; };
		78605318174FB2A000ACE2D3 /* Entity.h */ = {isa = PBXFileReference; fileEncoding = 4; lastKnownFileType = sourcecode.c.h; path = Entity.h; sourceTree = "<group>"; };
		7860531B174FB2F600ACE2D3 /* Screen.cpp */ = {isa = PBXFileReference; fileEncoding = 4; lastKnownFileType = sourcecode.cpp.cpp; path = Screen.cpp; sourceTree = "<group>"; };
		7860531C174FB2F600ACE2D3 /* Screen.h */ = {isa = PBXFileReference; fileEncoding = 4; lastKnownFileType = sourcecode.c.h; path = Screen.h; sourceTree = "<group>"; };
		7860531F174FB33600ACE2D3 /* Touchable.cpp */ = {isa = PBXFileReference; fileEncoding = 4; lastKnownFileType = sourcecode.cpp.cpp; path = Touchable.cpp; sourceTree = "<group>"; };
		78605320174FB33600ACE2D3 /* Touchable.h */ = {isa = PBXFileReference; fileEncoding = 4; lastKnownFileType = sourcecode.c.h; path = Touchable.h; sourceTree = "<group>"; };
		78605321174FB33600ACE2D3 /* Utils.cpp */ = {isa = PBXFileReference; fileEncoding = 4; lastKnownFileType = sourcecode.cpp.cpp; path = Utils.cpp; sourceTree = "<group>"; };
		78605322174FB33600ACE2D3 /* Utils.h */ = {isa = PBXFileReference; fileEncoding = 4; lastKnownFileType = sourcecode.c.h; path = Utils.h; sourceTree = "<group>"; };
		78605326174FB4F700ACE2D3 /* Texture.cpp */ = {isa = PBXFileReference; fileEncoding = 4; lastKnownFileType = sourcecode.cpp.cpp; path = Texture.cpp; sourceTree = "<group>"; };
		78605327174FB4F700ACE2D3 /* Texture.h */ = {isa = PBXFileReference; fileEncoding = 4; lastKnownFileType = sourcecode.c.h; path = Texture.h; sourceTree = "<group>"; };
		78605333174FC06700ACE2D3 /* Icon-114.png */ = {isa = PBXFileReference; lastKnownFileType = image.png; path = "Icon-114.png"; sourceTree = "<group>"; };
		78605334174FC06700ACE2D3 /* Icon-128.png */ = {isa = PBXFileReference; lastKnownFileType = image.png; path = "Icon-128.png"; sourceTree = "<group>"; };
		78605335174FC06700ACE2D3 /* Icon-144.png */ = {isa = PBXFileReference; lastKnownFileType = image.png; path = "Icon-144.png"; sourceTree = "<group>"; };
		78605336174FC06700ACE2D3 /* Icon-256.png */ = {isa = PBXFileReference; lastKnownFileType = image.png; path = "Icon-256.png"; sourceTree = "<group>"; };
		78605337174FC06700ACE2D3 /* Icon-36.png */ = {isa = PBXFileReference; lastKnownFileType = image.png; path = "Icon-36.png"; sourceTree = "<group>"; };
		78605338174FC06700ACE2D3 /* Icon-48.png */ = {isa = PBXFileReference; lastKnownFileType = image.png; path = "Icon-48.png"; sourceTree = "<group>"; };
		78605339174FC06700ACE2D3 /* Icon-512.png */ = {isa = PBXFileReference; lastKnownFileType = image.png; path = "Icon-512.png"; sourceTree = "<group>"; };
		7860533A174FC06700ACE2D3 /* Icon-57.png */ = {isa = PBXFileReference; lastKnownFileType = image.png; path = "Icon-57.png"; sourceTree = "<group>"; };
		7860533B174FC06700ACE2D3 /* Icon-72.png */ = {isa = PBXFileReference; lastKnownFileType = image.png; path = "Icon-72.png"; sourceTree = "<group>"; };
		7860533C174FC06700ACE2D3 /* Icon-96.png */ = {isa = PBXFileReference; lastKnownFileType = image.png; path = "Icon-96.png"; sourceTree = "<group>"; };
		7860533D174FC06700ACE2D3 /* Icon.icns */ = {isa = PBXFileReference; lastKnownFileType = image.icns; path = Icon.icns; sourceTree = "<group>"; };
		7860534E174FC4B200ACE2D3 /* Star.cpp */ = {isa = PBXFileReference; fileEncoding = 4; lastKnownFileType = sourcecode.cpp.cpp; path = Star.cpp; sourceTree = "<group>"; };
		7860534F174FC4B200ACE2D3 /* Star.h */ = {isa = PBXFileReference; fileEncoding = 4; lastKnownFileType = sourcecode.c.h; path = Star.h; sourceTree = "<group>"; };
		7860535A174FE82900ACE2D3 /* People.cpp */ = {isa = PBXFileReference; fileEncoding = 4; lastKnownFileType = sourcecode.cpp.cpp; path = People.cpp; sourceTree = "<group>"; };
		7860535B174FE82A00ACE2D3 /* People.h */ = {isa = PBXFileReference; fileEncoding = 4; lastKnownFileType = sourcecode.c.h; path = People.h; sourceTree = "<group>"; };
		7860535F17500B9000ACE2D3 /* Spotlight.cpp */ = {isa = PBXFileReference; fileEncoding = 4; lastKnownFileType = sourcecode.cpp.cpp; path = Spotlight.cpp; sourceTree = "<group>"; };
		7860536017500B9000ACE2D3 /* Spotlight.h */ = {isa = PBXFileReference; fileEncoding = 4; lastKnownFileType = sourcecode.c.h; path = Spotlight.h; sourceTree = "<group>"; };
		7860537317501D5F00ACE2D3 /* Menu.cpp */ = {isa = PBXFileReference; fileEncoding = 4; lastKnownFileType = sourcecode.cpp.cpp; path = Menu.cpp; sourceTree = "<group>"; };
		7860537417501D5F00ACE2D3 /* Menu.h */ = {isa = PBXFileReference; fileEncoding = 4; lastKnownFileType = sourcecode.c.h; path = Menu.h; sourceTree = "<group>"; };
		7860543A17503F5500ACE2D3 /* Popscreen.cpp */ = {isa = PBXFileReference; fileEncoding = 4; lastKnownFileType = sourcecode.cpp.cpp; path = Popscreen.cpp; sourceTree = "<group>"; };
		7860543B17503F5500ACE2D3 /* Popscreen.h */ = {isa = PBXFileReference; fileEncoding = 4; lastKnownFileType = sourcecode.c.h; path = Popscreen.h; sourceTree = "<group>"; };
		7860543F1750535B00ACE2D3 /* Level.cpp */ = {isa = PBXFileReference; fileEncoding = 4; lastKnownFileType = sourcecode.cpp.cpp; path = Level.cpp; sourceTree = "<group>"; };
		786054401750535B00ACE2D3 /* Level.h */ = {isa = PBXFileReference; fileEncoding = 4; lastKnownFileType = sourcecode.c.h; path = Level.h; sourceTree = "<group>"; };
		786059971750B63C00ACE2D3 /* ImpulseEntity.cpp */ = {isa = PBXFileReference; fileEncoding = 4; lastKnownFileType = sourcecode.cpp.cpp; path = ImpulseEntity.cpp; sourceTree = "<group>"; };
		786059981750B63C00ACE2D3 /* ImpulseEntity.h */ = {isa = PBXFileReference; fileEncoding = 4; lastKnownFileType = sourcecode.c.h; path = ImpulseEntity.h; sourceTree = "<group>"; };
		7860599A1750B74600ACE2D3 /* Bucket.cpp */ = {isa = PBXFileReference; fileEncoding = 4; lastKnownFileType = sourcecode.cpp.cpp; path = Bucket.cpp; sourceTree = "<group>"; };
		7860599B1750B74700ACE2D3 /* Bucket.h */ = {isa = PBXFileReference; fileEncoding = 4; lastKnownFileType = sourcecode.c.h; path = Bucket.h; sourceTree = "<group>"; };
		786059D41751157300ACE2D3 /* Popcorn.cpp */ = {isa = PBXFileReference; fileEncoding = 4; lastKnownFileType = sourcecode.cpp.cpp; path = Popcorn.cpp; sourceTree = "<group>"; };
		786059D51751157400ACE2D3 /* Popcorn.h */ = {isa = PBXFileReference; fileEncoding = 4; lastKnownFileType = sourcecode.c.h; path = Popcorn.h; sourceTree = "<group>"; };
		78DA142F1733EA350005B6D2 /* Export.h */ = {isa = PBXFileReference; fileEncoding = 4; lastKnownFileType = sourcecode.c.h; path = Export.h; sourceTree = "<group>"; };
		78DA14301733EA350005B6D2 /* SimpleAudioEngine.h */ = {isa = PBXFileReference; fileEncoding = 4; lastKnownFileType = sourcecode.c.h; path = SimpleAudioEngine.h; sourceTree = "<group>"; };
		78DA14431733EA350005B6D2 /* CDAudioManager.h */ = {isa = PBXFileReference; fileEncoding = 4; lastKnownFileType = sourcecode.c.h; path = CDAudioManager.h; sourceTree = "<group>"; };
		78DA14441733EA350005B6D2 /* CDAudioManager.m */ = {isa = PBXFileReference; fileEncoding = 4; lastKnownFileType = sourcecode.c.objc; path = CDAudioManager.m; sourceTree = "<group>"; };
		78DA14451733EA350005B6D2 /* CDConfig.h */ = {isa = PBXFileReference; fileEncoding = 4; lastKnownFileType = sourcecode.c.h; path = CDConfig.h; sourceTree = "<group>"; };
		78DA14461733EA350005B6D2 /* CDOpenALSupport.h */ = {isa = PBXFileReference; fileEncoding = 4; lastKnownFileType = sourcecode.c.h; path = CDOpenALSupport.h; sourceTree = "<group>"; };
		78DA14471733EA350005B6D2 /* CDOpenALSupport.m */ = {isa = PBXFileReference; fileEncoding = 4; lastKnownFileType = sourcecode.c.objc; path = CDOpenALSupport.m; sourceTree = "<group>"; };
		78DA14481733EA350005B6D2 /* CDXMacOSXSupport.h */ = {isa = PBXFileReference; fileEncoding = 4; lastKnownFileType = sourcecode.c.h; path = CDXMacOSXSupport.h; sourceTree = "<group>"; };
		78DA14491733EA350005B6D2 /* CDXMacOSXSupport.mm */ = {isa = PBXFileReference; fileEncoding = 4; lastKnownFileType = sourcecode.cpp.objcpp; path = CDXMacOSXSupport.mm; sourceTree = "<group>"; };
		78DA144A1733EA350005B6D2 /* CocosDenshion.h */ = {isa = PBXFileReference; fileEncoding = 4; lastKnownFileType = sourcecode.c.h; path = CocosDenshion.h; sourceTree = "<group>"; };
		78DA144B1733EA350005B6D2 /* CocosDenshion.m */ = {isa = PBXFileReference; fileEncoding = 4; lastKnownFileType = sourcecode.c.objc; path = CocosDenshion.m; sourceTree = "<group>"; };
		78DA144C1733EA350005B6D2 /* SimpleAudioEngine.mm */ = {isa = PBXFileReference; fileEncoding = 4; lastKnownFileType = sourcecode.cpp.objcpp; path = SimpleAudioEngine.mm; sourceTree = "<group>"; };
		78DA144D1733EA350005B6D2 /* SimpleAudioEngine_objc.h */ = {isa = PBXFileReference; fileEncoding = 4; lastKnownFileType = sourcecode.c.h; path = SimpleAudioEngine_objc.h; sourceTree = "<group>"; };
		78DA144E1733EA350005B6D2 /* SimpleAudioEngine_objc.m */ = {isa = PBXFileReference; fileEncoding = 4; lastKnownFileType = sourcecode.c.objc; path = SimpleAudioEngine_objc.m; sourceTree = "<group>"; };
/* End PBXFileReference section */

/* Begin PBXFrameworksBuildPhase section */
		41851B8F15B93C32004083E9 /* Frameworks */ = {
			isa = PBXFrameworksBuildPhase;
			buildActionMask = 2147483647;
			files = (
				78605304174FABF400ACE2D3 /* libz.dylib in Frameworks */,
				41CD6C8F15BF7793005E6F29 /* AppKit.framework in Frameworks */,
				41CD6C9015BF7793005E6F29 /* AudioToolbox.framework in Frameworks */,
				41CD6C9115BF7793005E6F29 /* Cocoa.framework in Frameworks */,
				41CD6C9215BF7793005E6F29 /* CoreFoundation.framework in Frameworks */,
				41CD6C9315BF7793005E6F29 /* Foundation.framework in Frameworks */,
				41CD6C9415BF7793005E6F29 /* OpenAL.framework in Frameworks */,
				41CD6C9515BF7793005E6F29 /* OpenGL.framework in Frameworks */,
				41CD6C9615BF7793005E6F29 /* QuartzCore.framework in Frameworks */,
				78605302174FABC100ACE2D3 /* libcocos2dx.a in Frameworks */,
			);
			runOnlyForDeploymentPostprocessing = 0;
		};
/* End PBXFrameworksBuildPhase section */

/* Begin PBXGroup section */
		15C156B11683151A00D239F2 /* Products */ = {
			isa = PBXGroup;
			children = (
				15C156B81683151A00D239F2 /* libcocos2dx.a */,
			);
			name = Products;
			sourceTree = "<group>";
		};
		41851B8715B93C32004083E9 = {
			isa = PBXGroup;
			children = (
				15C156B01683151A00D239F2 /* cocos2dx.xcodeproj */,
				786052FF174FA94500ACE2D3 /* Resources */,
				786052F8174FA93E00ACE2D3 /* Classes */,
				78DA14181733EA350005B6D2 /* CocosDenshion */,
				41CD6C5E15BF7514005E6F29 /* Frameworks */,
				41CD6C5F15BF7522005E6F29 /* mac */,
				41EFC1BB15BF7AC30083EA95 /* Products */,
			);
			sourceTree = "<group>";
		};
		41CD6C5E15BF7514005E6F29 /* Frameworks */ = {
			isa = PBXGroup;
			children = (
				78605303174FABF400ACE2D3 /* libz.dylib */,
				78605301174FABC000ACE2D3 /* libcocos2dx.a */,
				41CD6C8715BF7793005E6F29 /* AppKit.framework */,
				41CD6C8815BF7793005E6F29 /* AudioToolbox.framework */,
				41CD6C8915BF7793005E6F29 /* Cocoa.framework */,
				41CD6C8A15BF7793005E6F29 /* CoreFoundation.framework */,
				41CD6C8B15BF7793005E6F29 /* Foundation.framework */,
				41CD6C8C15BF7793005E6F29 /* OpenAL.framework */,
				41CD6C8D15BF7793005E6F29 /* OpenGL.framework */,
				41CD6C8E15BF7793005E6F29 /* QuartzCore.framework */,
			);
			name = Frameworks;
			sourceTree = "<group>";
		};
		41CD6C5F15BF7522005E6F29 /* mac */ = {
			isa = PBXGroup;
			children = (
				41CD6C6215BF7574005E6F29 /* AppController.h */,
				41CD6C6315BF7574005E6F29 /* AppController.mm */,
				41CD6C6415BF7574005E6F29 /* main.m */,
				41CD6C6C15BF7673005E6F29 /* Popcorn Mania_Info.plist */,
				41CD6C6D15BF7673005E6F29 /* Popcorn Mania_Prefix.pch */,
				41CD6C6715BF7673005E6F29 /* en.lproj */,
			);
			name = mac;
			sourceTree = "<group>";
		};
		41CD6C6715BF7673005E6F29 /* en.lproj */ = {
			isa = PBXGroup;
			children = (
				41CD6C6815BF7673005E6F29 /* InfoPlist.strings */,
				41CD6C6A15BF7673005E6F29 /* MainMenu.xib */,
			);
			path = en.lproj;
			sourceTree = "<group>";
		};
		41EFC1BB15BF7AC30083EA95 /* Products */ = {
			isa = PBXGroup;
			children = (
				41CD6C5115BF748C005E6F29 /* Popcorn Mania.app */,
			);
			name = Products;
			sourceTree = "<group>";
		};
		7821970217517E440068F6D6 /* 1280x720 */ = {
			isa = PBXGroup;
			children = (
				782198451753C6630068F6D6 /* game-over */,
				7821983D1753BD500068F6D6 /* pause-gui */,
				7821970317517E440068F6D6 /* main-menu */,
				7821970F17517E440068F6D6 /* preload-scene */,
				7821971217517E440068F6D6 /* process-gui */,
			);
			path = 1280x720;
			sourceTree = "<group>";
		};
		7821970317517E440068F6D6 /* main-menu */ = {
			isa = PBXGroup;
			children = (
				7821970417517E440068F6D6 /* bg-name@2x.png */,
				7821970517517E440068F6D6 /* bg-scene@2x.png */,
				7821970617517E440068F6D6 /* bg@2x.png */,
				7821970717517E440068F6D6 /* btn-play@2x.png */,
				7821970817517E440068F6D6 /* btn-score@2x.png */,
				7821970917517E440068F6D6 /* btn-shop@2x.png */,
				7821970A17517E440068F6D6 /* dark-body-sprite@2x.png */,
				7821970B17517E440068F6D6 /* dark-line@2x.png */,
				7821970C17517E440068F6D6 /* light-big@2x.png */,
				7821970D17517E440068F6D6 /* name-sprite@2x.png */,
				7821970E17517E440068F6D6 /* star-sprite@2x.png */,
			);
			path = "main-menu";
			sourceTree = "<group>";
		};
		7821970F17517E440068F6D6 /* preload-scene */ = {
			isa = PBXGroup;
			children = (
				7821971017517E440068F6D6 /* preload-bar-sprite@2x.png */,
				7821971117517E440068F6D6 /* preload-lines@2x.png */,
			);
			path = "preload-scene";
			sourceTree = "<group>";
		};
		7821971217517E440068F6D6 /* process-gui */ = {
			isa = PBXGroup;
			children = (
				782197A517539DA30068F6D6 /* wh-bg@2x.png */,
				782197A617539DA30068F6D6 /* wh-bg2@2x.png */,
				782197A0175393800068F6D6 /* process-coin-count-ico@2x.png */,
				782197A1175393810068F6D6 /* process-life-ticket-counter-sprite@2x.png */,
				7821978D175258E10068F6D6 /* weapon-animation1@2x.png */,
				782197821752093A0068F6D6 /* process-lose@2x.png */,
				7821975217518FB60068F6D6 /* process-bucket-icon@2x.png */,
				7821975017518D960068F6D6 /* process-pause@2x.png */,
				7821971317517E440068F6D6 /* bucket@2x.png */,
				7821971417517E440068F6D6 /* game-corn@2x.png */,
				7821971517517E440068F6D6 /* level-bg@2x.png */,
				7821971617517E440068F6D6 /* process-dust@2x.png */,
			);
			path = "process-gui";
			sourceTree = "<group>";
		};
		7821983D1753BD500068F6D6 /* pause-gui */ = {
			isa = PBXGroup;
			children = (
				7821983E1753BD510068F6D6 /* pause-bg@2x.png */,
				7821983F1753BD510068F6D6 /* pause-text-sprite@2x.png */,
			);
			path = "pause-gui";
			sourceTree = "<group>";
		};
		782198451753C6630068F6D6 /* game-over */ = {
			isa = PBXGroup;
			children = (
				782198461753C6650068F6D6 /* game-over-text-sprite@2x.png */,
			);
			path = "game-over";
			sourceTree = "<group>";
		};
		786052F8174FA93E00ACE2D3 /* Classes */ = {
			isa = PBXGroup;
			children = (
				786052F9174FA93E00ACE2D3 /* AppDelegate.cpp */,
				786052FA174FA93E00ACE2D3 /* AppDelegate.h */,
				786052FB174FA93E00ACE2D3 /* Options.cpp */,
				786052FC174FA93E00ACE2D3 /* Options.h */,
				78605305174FAD2300ACE2D3 /* Resources.cpp */,
				78605306174FAD2300ACE2D3 /* Resources.h */,
				7860531A174FB2F600ACE2D3 /* Screens */,
				78605316174FB2A000ACE2D3 /* Entities */,
				7860530C174FB24400ACE2D3 /* Managers */,
				78605325174FB4F700ACE2D3 /* Graphics */,
				7860531E174FB33600ACE2D3 /* Utils */,
				78605308174FAD7C00ACE2D3 /* Template */,
			);
			name = Classes;
			path = ../Classes;
			sourceTree = "<group>";
		};
		786052FF174FA94500ACE2D3 /* Resources */ = {
			isa = PBXGroup;
			children = (
				7860593B1750864500ACE2D3 /* Graphics */,
				78605332174FC06700ACE2D3 /* Icons */,
			);
			name = Resources;
			path = ../Resources;
			sourceTree = "<group>";
		};
		78605308174FAD7C00ACE2D3 /* Template */ = {
			isa = PBXGroup;
			children = (
				78605309174FAD7C00ACE2D3 /* Template.cpp */,
				7860530A174FAD7C00ACE2D3 /* Template.h */,
			);
			path = Template;
			sourceTree = "<group>";
		};
		7860530C174FB24400ACE2D3 /* Managers */ = {
			isa = PBXGroup;
			children = (
				7860530D174FB24400ACE2D3 /* BatchEntityManager.cpp */,
				7860530E174FB24400ACE2D3 /* BatchEntityManager.h */,
				7860530F174FB24400ACE2D3 /* EntityManager.cpp */,
				78605310174FB24400ACE2D3 /* EntityManager.h */,
				78605311174FB24400ACE2D3 /* ScreenManager.cpp */,
				78605312174FB24400ACE2D3 /* ScreenManager.h */,
			);
			path = Managers;
			sourceTree = "<group>";
		};
		78605316174FB2A000ACE2D3 /* Entities */ = {
			isa = PBXGroup;
			children = (
				782198371753AE050068F6D6 /* Coin.cpp */,
				782198381753AE050068F6D6 /* Coin.h */,
				7821979C17538FFE0068F6D6 /* Weapon.cpp */,
				7821979D17538FFE0068F6D6 /* Weapon.h */,
				7821978417520AD20068F6D6 /* Lose.cpp */,
				7821978517520AD20068F6D6 /* Lose.h */,
				782196F817516D5F0068F6D6 /* Dust.cpp */,
				782196F917516D5F0068F6D6 /* Dust.h */,
				786059D41751157300ACE2D3 /* Popcorn.cpp */,
				786059D51751157400ACE2D3 /* Popcorn.h */,
				7860599A1750B74600ACE2D3 /* Bucket.cpp */,
				7860599B1750B74700ACE2D3 /* Bucket.h */,
				786059971750B63C00ACE2D3 /* ImpulseEntity.cpp */,
				786059981750B63C00ACE2D3 /* ImpulseEntity.h */,
				7860535F17500B9000ACE2D3 /* Spotlight.cpp */,
				7860536017500B9000ACE2D3 /* Spotlight.h */,
				7860535A174FE82900ACE2D3 /* People.cpp */,
				7860535B174FE82A00ACE2D3 /* People.h */,
				7860534E174FC4B200ACE2D3 /* Star.cpp */,
				7860534F174FC4B200ACE2D3 /* Star.h */,
				78605317174FB2A000ACE2D3 /* Entity.cpp */,
				78605318174FB2A000ACE2D3 /* Entity.h */,
			);
			path = Entities;
			sourceTree = "<group>";
		};
		7860531A174FB2F600ACE2D3 /* Screens */ = {
			isa = PBXGroup;
			children = (
				782198421753C4E80068F6D6 /* GameOver.cpp */,
				782198431753C4E90068F6D6 /* GameOver.h */,
				7821983A1753B9370068F6D6 /* Pause.cpp */,
				7821983B1753B9370068F6D6 /* Pause.h */,
				7860543F1750535B00ACE2D3 /* Level.cpp */,
				786054401750535B00ACE2D3 /* Level.h */,
				7860531B174FB2F600ACE2D3 /* Screen.cpp */,
				7860531C174FB2F600ACE2D3 /* Screen.h */,
				7860543A17503F5500ACE2D3 /* Popscreen.cpp */,
				7860543B17503F5500ACE2D3 /* Popscreen.h */,
				7860537317501D5F00ACE2D3 /* Menu.cpp */,
				7860537417501D5F00ACE2D3 /* Menu.h */,
			);
			path = Screens;
			sourceTree = "<group>";
		};
		7860531E174FB33600ACE2D3 /* Utils */ = {
			isa = PBXGroup;
			children = (
				7860531F174FB33600ACE2D3 /* Touchable.cpp */,
				78605320174FB33600ACE2D3 /* Touchable.h */,
				78605321174FB33600ACE2D3 /* Utils.cpp */,
				78605322174FB33600ACE2D3 /* Utils.h */,
			);
			path = Utils;
			sourceTree = "<group>";
		};
		78605325174FB4F700ACE2D3 /* Graphics */ = {
			isa = PBXGroup;
			children = (
				78605326174FB4F700ACE2D3 /* Texture.cpp */,
				78605327174FB4F700ACE2D3 /* Texture.h */,
			);
			path = Graphics;
			sourceTree = "<group>";
		};
		78605332174FC06700ACE2D3 /* Icons */ = {
			isa = PBXGroup;
			children = (
				78605333174FC06700ACE2D3 /* Icon-114.png */,
				78605334174FC06700ACE2D3 /* Icon-128.png */,
				78605335174FC06700ACE2D3 /* Icon-144.png */,
				78605336174FC06700ACE2D3 /* Icon-256.png */,
				78605337174FC06700ACE2D3 /* Icon-36.png */,
				78605338174FC06700ACE2D3 /* Icon-48.png */,
				78605339174FC06700ACE2D3 /* Icon-512.png */,
				7860533A174FC06700ACE2D3 /* Icon-57.png */,
				7860533B174FC06700ACE2D3 /* Icon-72.png */,
				7860533C174FC06700ACE2D3 /* Icon-96.png */,
				7860533D174FC06700ACE2D3 /* Icon.icns */,
			);
			path = Icons;
			sourceTree = "<group>";
		};
		7860593B1750864500ACE2D3 /* Graphics */ = {
			isa = PBXGroup;
			children = (
				7821970217517E440068F6D6 /* 1280x720 */,
				786059491750864500ACE2D3 /* 1920x1080 */,
				7860594A1750864500ACE2D3 /* 480x320 */,
			);
			path = Graphics;
			sourceTree = "<group>";
		};
		786059491750864500ACE2D3 /* 1920x1080 */ = {
			isa = PBXGroup;
			children = (
			);
			path = 1920x1080;
			sourceTree = "<group>";
		};
		7860594A1750864500ACE2D3 /* 480x320 */ = {
			isa = PBXGroup;
			children = (
			);
			path = 480x320;
			sourceTree = "<group>";
		};
		78DA14181733EA350005B6D2 /* CocosDenshion */ = {
			isa = PBXGroup;
			children = (
				78DA142E1733EA350005B6D2 /* include */,
				78DA14421733EA350005B6D2 /* mac */,
			);
			name = CocosDenshion;
			path = ../../../CocosDenshion;
			sourceTree = "<group>";
		};
		78DA142E1733EA350005B6D2 /* include */ = {
			isa = PBXGroup;
			children = (
				78DA142F1733EA350005B6D2 /* Export.h */,
				78DA14301733EA350005B6D2 /* SimpleAudioEngine.h */,
			);
			path = include;
			sourceTree = "<group>";
		};
		78DA14421733EA350005B6D2 /* mac */ = {
			isa = PBXGroup;
			children = (
				78DA14431733EA350005B6D2 /* CDAudioManager.h */,
				78DA14441733EA350005B6D2 /* CDAudioManager.m */,
				78DA14451733EA350005B6D2 /* CDConfig.h */,
				78DA14461733EA350005B6D2 /* CDOpenALSupport.h */,
				78DA14471733EA350005B6D2 /* CDOpenALSupport.m */,
				78DA14481733EA350005B6D2 /* CDXMacOSXSupport.h */,
				78DA14491733EA350005B6D2 /* CDXMacOSXSupport.mm */,
				78DA144A1733EA350005B6D2 /* CocosDenshion.h */,
				78DA144B1733EA350005B6D2 /* CocosDenshion.m */,
				78DA144C1733EA350005B6D2 /* SimpleAudioEngine.mm */,
				78DA144D1733EA350005B6D2 /* SimpleAudioEngine_objc.h */,
				78DA144E1733EA350005B6D2 /* SimpleAudioEngine_objc.m */,
			);
			path = mac;
			sourceTree = "<group>";
		};
/* End PBXGroup section */

/* Begin PBXNativeTarget section */
		41851B9115B93C32004083E9 /* Popcorn Mania */ = {
			isa = PBXNativeTarget;
			buildConfigurationList = 41851BB015B93C33004083E9 /* Build configuration list for PBXNativeTarget "Popcorn Mania" */;
			buildPhases = (
				41851B8E15B93C32004083E9 /* Sources */,
				41851B8F15B93C32004083E9 /* Frameworks */,
				41851B9015B93C32004083E9 /* Resources */,
			);
			buildRules = (
			);
			dependencies = (
				15C156BA1683155000D239F2 /* PBXTargetDependency */,
			);
			name = "Popcorn Mania";
			productName = Paralaxer;
			productReference = 41CD6C5115BF748C005E6F29 /* Popcorn Mania.app */;
			productType = "com.apple.product-type.application";
		};
/* End PBXNativeTarget section */

/* Begin PBXProject section */
		41851B8915B93C32004083E9 /* Project object */ = {
			isa = PBXProject;
			attributes = {
				LastUpgradeCheck = 0420;
				ORGANIZATIONNAME = "Bullets in a Burning Box, Inc.";
			};
			buildConfigurationList = 41851B8C15B93C32004083E9 /* Build configuration list for PBXProject "Popcorn Mania" */;
			compatibilityVersion = "Xcode 3.2";
			developmentRegion = English;
			hasScannedForEncodings = 0;
			knownRegions = (
				en,
			);
			mainGroup = 41851B8715B93C32004083E9;
			productRefGroup = 41851B8715B93C32004083E9;
			projectDirPath = "";
			projectReferences = (
				{
					ProductGroup = 15C156B11683151A00D239F2 /* Products */;
					ProjectRef = 15C156B01683151A00D239F2 /* cocos2dx.xcodeproj */;
				},
			);
			projectRoot = "";
			targets = (
				41851B9115B93C32004083E9 /* Popcorn Mania */,
			);
		};
/* End PBXProject section */

/* Begin PBXReferenceProxy section */
		15C156B81683151A00D239F2 /* libcocos2dx.a */ = {
			isa = PBXReferenceProxy;
			fileType = archive.ar;
			path = libcocos2dx.a;
			remoteRef = 15C156B71683151A00D239F2 /* PBXContainerItemProxy */;
			sourceTree = BUILT_PRODUCTS_DIR;
		};
/* End PBXReferenceProxy section */

/* Begin PBXResourcesBuildPhase section */
		41851B9015B93C32004083E9 /* Resources */ = {
			isa = PBXResourcesBuildPhase;
			buildActionMask = 2147483647;
			files = (
				41CD6C6E15BF7673005E6F29 /* InfoPlist.strings in Resources */,
				41CD6C6F15BF7673005E6F29 /* MainMenu.xib in Resources */,
				7860533F174FC06700ACE2D3 /* Icon-114.png in Resources */,
				78605340174FC06700ACE2D3 /* Icon-128.png in Resources */,
				78605341174FC06700ACE2D3 /* Icon-144.png in Resources */,
				78605342174FC06700ACE2D3 /* Icon-256.png in Resources */,
				78605343174FC06700ACE2D3 /* Icon-36.png in Resources */,
				78605344174FC06700ACE2D3 /* Icon-48.png in Resources */,
				78605345174FC06700ACE2D3 /* Icon-512.png in Resources */,
				78605346174FC06700ACE2D3 /* Icon-57.png in Resources */,
				78605347174FC06700ACE2D3 /* Icon-72.png in Resources */,
				78605348174FC06700ACE2D3 /* Icon-96.png in Resources */,
				78605349174FC06700ACE2D3 /* Icon.icns in Resources */,
				7821971717517E440068F6D6 /* bg-name@2x.png in Resources */,
				7821971817517E440068F6D6 /* bg-scene@2x.png in Resources */,
				7821971917517E440068F6D6 /* bg@2x.png in Resources */,
				7821971A17517E440068F6D6 /* btn-play@2x.png in Resources */,
				7821971B17517E440068F6D6 /* btn-score@2x.png in Resources */,
				7821971C17517E440068F6D6 /* btn-shop@2x.png in Resources */,
				7821971D17517E440068F6D6 /* dark-body-sprite@2x.png in Resources */,
				7821971E17517E440068F6D6 /* dark-line@2x.png in Resources */,
				7821971F17517E440068F6D6 /* light-big@2x.png in Resources */,
				7821972017517E440068F6D6 /* name-sprite@2x.png in Resources */,
				7821972117517E440068F6D6 /* star-sprite@2x.png in Resources */,
				7821972217517E440068F6D6 /* preload-bar-sprite@2x.png in Resources */,
				7821972317517E440068F6D6 /* preload-lines@2x.png in Resources */,
				7821972417517E440068F6D6 /* bucket@2x.png in Resources */,
				7821972517517E440068F6D6 /* game-corn@2x.png in Resources */,
				7821972617517E440068F6D6 /* level-bg@2x.png in Resources */,
				7821972717517E440068F6D6 /* process-dust@2x.png in Resources */,
				7821975117518D960068F6D6 /* process-pause@2x.png in Resources */,
				7821975317518FB60068F6D6 /* process-bucket-icon@2x.png in Resources */,
				782197831752093A0068F6D6 /* process-lose@2x.png in Resources */,
				7821978E175258E10068F6D6 /* weapon-animation1@2x.png in Resources */,
				782197A3175393820068F6D6 /* process-coin-count-ico@2x.png in Resources */,
				782197A4175393820068F6D6 /* process-life-ticket-counter-sprite@2x.png in Resources */,
				782197A717539DA40068F6D6 /* wh-bg@2x.png in Resources */,
				782197A817539DA40068F6D6 /* wh-bg2@2x.png in Resources */,
				782198401753BD510068F6D6 /* pause-bg@2x.png in Resources */,
				782198411753BD510068F6D6 /* pause-text-sprite@2x.png in Resources */,
				782198471753C6650068F6D6 /* game-over-text-sprite@2x.png in Resources */,
			);
			runOnlyForDeploymentPostprocessing = 0;
		};
/* End PBXResourcesBuildPhase section */

/* Begin PBXSourcesBuildPhase section */
		41851B8E15B93C32004083E9 /* Sources */ = {
			isa = PBXSourcesBuildPhase;
			buildActionMask = 2147483647;
			files = (
				41CD6C6515BF7574005E6F29 /* AppController.mm in Sources */,
				41CD6C6615BF7574005E6F29 /* main.m in Sources */,
				78DA14A71733EA360005B6D2 /* CDAudioManager.m in Sources */,
				78DA14A81733EA360005B6D2 /* CDOpenALSupport.m in Sources */,
				78DA14A91733EA360005B6D2 /* CDXMacOSXSupport.mm in Sources */,
				78DA14AA1733EA360005B6D2 /* CocosDenshion.m in Sources */,
				78DA14AB1733EA360005B6D2 /* SimpleAudioEngine.mm in Sources */,
				78DA14AC1733EA360005B6D2 /* SimpleAudioEngine_objc.m in Sources */,
				786052FD174FA93E00ACE2D3 /* AppDelegate.cpp in Sources */,
				786052FE174FA93E00ACE2D3 /* Options.cpp in Sources */,
				78605307174FAD2300ACE2D3 /* Resources.cpp in Sources */,
				7860530B174FAD7C00ACE2D3 /* Template.cpp in Sources */,
				78605313174FB24400ACE2D3 /* BatchEntityManager.cpp in Sources */,
				78605314174FB24400ACE2D3 /* EntityManager.cpp in Sources */,
				78605315174FB24400ACE2D3 /* ScreenManager.cpp in Sources */,
				78605319174FB2A000ACE2D3 /* Entity.cpp in Sources */,
				7860531D174FB2F600ACE2D3 /* Screen.cpp in Sources */,
				78605323174FB33600ACE2D3 /* Touchable.cpp in Sources */,
				78605324174FB33600ACE2D3 /* Utils.cpp in Sources */,
				78605328174FB4F700ACE2D3 /* Texture.cpp in Sources */,
				78605351174FC4B200ACE2D3 /* Star.cpp in Sources */,
				7860535C174FE82A00ACE2D3 /* People.cpp in Sources */,
				7860536117500B9000ACE2D3 /* Spotlight.cpp in Sources */,
				7860537517501D5F00ACE2D3 /* Menu.cpp in Sources */,
				7860543C17503F5600ACE2D3 /* Popscreen.cpp in Sources */,
				786054411750535B00ACE2D3 /* Level.cpp in Sources */,
				786059991750B63D00ACE2D3 /* ImpulseEntity.cpp in Sources */,
				7860599C1750B74700ACE2D3 /* Bucket.cpp in Sources */,
				786059D61751157500ACE2D3 /* Popcorn.cpp in Sources */,
				782196FA17516D5F0068F6D6 /* Dust.cpp in Sources */,
				7821978617520AD20068F6D6 /* Lose.cpp in Sources */,
				7821979E17538FFF0068F6D6 /* Weapon.cpp in Sources */,
				782198391753AE050068F6D6 /* Coin.cpp in Sources */,
				7821983C1753B9370068F6D6 /* Pause.cpp in Sources */,
				782198441753C4E90068F6D6 /* GameOver.cpp in Sources */,
			);
			runOnlyForDeploymentPostprocessing = 0;
		};
/* End PBXSourcesBuildPhase section */

/* Begin PBXTargetDependency section */
		15C156BA1683155000D239F2 /* PBXTargetDependency */ = {
			isa = PBXTargetDependency;
			name = cocos2dx;
			targetProxy = 15C156B91683155000D239F2 /* PBXContainerItemProxy */;
		};
/* End PBXTargetDependency section */

/* Begin PBXVariantGroup section */
		41CD6C6815BF7673005E6F29 /* InfoPlist.strings */ = {
			isa = PBXVariantGroup;
			children = (
				41CD6C6915BF7673005E6F29 /* en */,
			);
			name = InfoPlist.strings;
			sourceTree = "<group>";
		};
		41CD6C6A15BF7673005E6F29 /* MainMenu.xib */ = {
			isa = PBXVariantGroup;
			children = (
				41CD6C6B15BF7673005E6F29 /* en */,
			);
			name = MainMenu.xib;
			sourceTree = "<group>";
		};
/* End PBXVariantGroup section */

/* Begin XCBuildConfiguration section */
		41851BAE15B93C33004083E9 /* Debug */ = {
			isa = XCBuildConfiguration;
			buildSettings = {
				ALWAYS_SEARCH_USER_PATHS = NO;
				ARCHS = "$(ARCHS_STANDARD_32_64_BIT)";
				COPY_PHASE_STRIP = NO;
				GCC_C_LANGUAGE_STANDARD = "compiler-default";
				GCC_DYNAMIC_NO_PIC = NO;
				GCC_ENABLE_OBJC_EXCEPTIONS = YES;
				GCC_OPTIMIZATION_LEVEL = 0;
				GCC_PREPROCESSOR_DEFINITIONS = (
					"DEBUG=1",
					"$(inherited)",
				);
				GCC_SYMBOLS_PRIVATE_EXTERN = NO;
				GCC_VERSION = com.apple.compilers.llvm.clang.1_0;
				GCC_WARN_64_TO_32_BIT_CONVERSION = YES;
				GCC_WARN_ABOUT_MISSING_PROTOTYPES = YES;
				GCC_WARN_ABOUT_RETURN_TYPE = YES;
				GCC_WARN_UNUSED_VARIABLE = YES;
				MACOSX_DEPLOYMENT_TARGET = 10.6;
				ONLY_ACTIVE_ARCH = YES;
				SDKROOT = macosx;
			};
			name = Debug;
		};
		41851BAF15B93C33004083E9 /* Release */ = {
			isa = XCBuildConfiguration;
			buildSettings = {
				ALWAYS_SEARCH_USER_PATHS = NO;
				ARCHS = "$(ARCHS_STANDARD_32_64_BIT)";
				COPY_PHASE_STRIP = YES;
				DEBUG_INFORMATION_FORMAT = "dwarf-with-dsym";
				GCC_C_LANGUAGE_STANDARD = "compiler-default";
				GCC_ENABLE_OBJC_EXCEPTIONS = YES;
				GCC_VERSION = com.apple.compilers.llvm.clang.1_0;
				GCC_WARN_64_TO_32_BIT_CONVERSION = YES;
				GCC_WARN_ABOUT_MISSING_PROTOTYPES = YES;
				GCC_WARN_ABOUT_RETURN_TYPE = YES;
				GCC_WARN_UNUSED_VARIABLE = YES;
				MACOSX_DEPLOYMENT_TARGET = 10.6;
				SDKROOT = macosx;
			};
			name = Release;
		};
		41851BB115B93C33004083E9 /* Debug */ = {
			isa = XCBuildConfiguration;
			buildSettings = {
				ARCHS = "$(ARCHS_STANDARD_32_64_BIT)";
				CLANG_CXX_LANGUAGE_STANDARD = "compiler-default";
				GCC_C_LANGUAGE_STANDARD = "compiler-default";
				GCC_INLINES_ARE_PRIVATE_EXTERN = NO;
				GCC_PRECOMPILE_PREFIX_HEADER = YES;
				GCC_PREFIX_HEADER = "Popcorn Mania_Prefix.pch";
				GCC_PREPROCESSOR_DEFINITIONS = (
					CC_TARGET_OS_MAC,
					"DEBUG=1",
					USE_FILE32API,
					"$(inherited)",
				);
				GCC_VERSION = "";
				GCC_WARN_64_TO_32_BIT_CONVERSION = NO;
				GCC_WARN_ABOUT_MISSING_PROTOTYPES = NO;
				HEADER_SEARCH_PATHS = (
					"\"$(SDKROOT)/usr/include/libxml2/\"",
					"\"$(SRCROOT)/../../../cocos2dx/include\"",
					"\"$(SRCROOT)/../../../cocos2dx\"",
					"\"$(SRCROOT)/../../../cocos2dx/platform/mac\"",
					"\"$(SRCROOT)/../../../cocos2dx/kazmath/include\"",
					"\"$(SRCROOT)/../../../external/Box2D\"",
					"\"$(SRCROOT)/../../../external/\"",
				);
				INFOPLIST_FILE = "Popcorn Mania_Info.plist";
				LIBRARY_SEARCH_PATHS = (
					"$(inherited)",
					"\"$(SRCROOT)/../../../CocosDenshion/third_party/blackberry/libraries/armle-v7\"",
					"\"$(SRCROOT)/../../../CocosDenshion/third_party/blackberry/libraries/x86\"",
					"\"$(SRCROOT)/Build/SampleGame/Build/Products/Debug\"",
					"\"$(SRCROOT)/Build/NuclearPizzaWar/Build/Products/Debug\"",
					"\"$(SRCROOT)/Build/Popcorn Mania/Build/Products/Debug\"",
				);
				MACOSX_DEPLOYMENT_TARGET = 10.8;
				OTHER_CPLUSPLUSFLAGS = "$(OTHER_CFLAGS)";
				OTHER_LDFLAGS = "";
				PRODUCT_NAME = "Popcorn Mania";
				WRAPPER_EXTENSION = app;
			};
			name = Debug;
		};
		41851BB215B93C33004083E9 /* Release */ = {
			isa = XCBuildConfiguration;
			buildSettings = {
				ARCHS = "$(ARCHS_STANDARD_32_64_BIT)";
				CLANG_CXX_LANGUAGE_STANDARD = "compiler-default";
				GCC_C_LANGUAGE_STANDARD = "compiler-default";
				GCC_INLINES_ARE_PRIVATE_EXTERN = NO;
				GCC_PRECOMPILE_PREFIX_HEADER = YES;
				GCC_PREFIX_HEADER = "Popcorn Mania_Prefix.pch";
				GCC_PREPROCESSOR_DEFINITIONS = (
					USE_FILE32API,
					CC_TARGET_OS_MAC,
				);
				GCC_SYMBOLS_PRIVATE_EXTERN = NO;
				GCC_VERSION = "";
				GCC_WARN_64_TO_32_BIT_CONVERSION = NO;
				GCC_WARN_ABOUT_MISSING_PROTOTYPES = NO;
				HEADER_SEARCH_PATHS = (
					"\"$(SDKROOT)/usr/include/libxml2/\"",
					"\"$(SRCROOT)/../../../cocos2dx/include\"",
					"\"$(SRCROOT)/../../../cocos2dx\"",
					"\"$(SRCROOT)/../../../cocos2dx/platform/mac\"",
					"\"$(SRCROOT)/../../../cocos2dx/kazmath/include\"",
					"\"$(SRCROOT)/../../../external/Box2D\"",
					"\"$(SRCROOT)/../../../external/\"",
				);
				INFOPLIST_FILE = "Popcorn Mania_Info.plist";
				LIBRARY_SEARCH_PATHS = (
					"$(inherited)",
					"\"$(SRCROOT)/../../../CocosDenshion/third_party/blackberry/libraries/armle-v7\"",
					"\"$(SRCROOT)/../../../CocosDenshion/third_party/blackberry/libraries/x86\"",
					"\"$(SRCROOT)/Build/SampleGame/Build/Products/Debug\"",
					"\"$(SRCROOT)/Build/NuclearPizzaWar/Build/Products/Debug\"",
					"\"$(SRCROOT)/Build/Popcorn Mania/Build/Products/Debug\"",
				);
				MACOSX_DEPLOYMENT_TARGET = 10.8;
				OTHER_CPLUSPLUSFLAGS = "$(OTHER_CFLAGS)";
				OTHER_LDFLAGS = "";
				PRODUCT_NAME = "Popcorn Mania";
				WRAPPER_EXTENSION = app;
			};
			name = Release;
		};
/* End XCBuildConfiguration section */

/* Begin XCConfigurationList section */
		41851B8C15B93C32004083E9 /* Build configuration list for PBXProject "Popcorn Mania" */ = {
			isa = XCConfigurationList;
			buildConfigurations = (
				41851BAE15B93C33004083E9 /* Debug */,
				41851BAF15B93C33004083E9 /* Release */,
			);
			defaultConfigurationIsVisible = 0;
			defaultConfigurationName = Release;
		};
		41851BB015B93C33004083E9 /* Build configuration list for PBXNativeTarget "Popcorn Mania" */ = {
			isa = XCConfigurationList;
			buildConfigurations = (
				41851BB115B93C33004083E9 /* Debug */,
				41851BB215B93C33004083E9 /* Release */,
			);
			defaultConfigurationIsVisible = 0;
			defaultConfigurationName = Release;
		};
/* End XCConfigurationList section */
	};
	rootObject = 41851B8915B93C32004083E9 /* Project object */;
}
